
Microsoft Visual Studio Solution File, Format Version 12.00
# Visual Studio Version 17
VisualStudioVersion = 17.0.31410.414
MinimumVisualStudioVersion = 10.0.40219.1
Project("{2150E333-8FDC-42A3-9474-1A3956D46DE8}") = "Resources", "Resources", "{15EB6AED-0663-4CFD-B874-E80636988E74}"
	ProjectSection(SolutionItems) = preProject
		home.PNG = home.PNG
		INSTRUCTIONS.md = INSTRUCTIONS.md
		internal.PNG = internal.PNG
		LIBRARIES.md = LIBRARIES.md
		LICENSE.txt = LICENSE.txt
		..\Users\rumen.yankov\Desktop\postgresql.conf = ..\Users\rumen.yankov\Desktop\postgresql.conf
		README.md = README.md
	EndProjectSection
EndProject
Project("{2150E333-8FDC-42A3-9474-1A3956D46DE8}") = "Solution Items", "Solution Items", "{ECE0CA21-685B-414D-9438-7E7C9B9B9870}"
	ProjectSection(SolutionItems) = preProject
		create-nuget-pkgs.bat = create-nuget-pkgs.bat
		global.json = global.json
		Directory.Build.props = Directory.Build.props
		Directory.Packages.props = Directory.Packages.props
		docker-compose.yml = docker-compose.yml
		docker-compose.localstack.yml = docker-compose.localstack.yml
		docker-compose.override.yml = docker-compose.override.yml
	EndProjectSection
EndProject
Project("{9A19103F-16F7-4668-BE54-9A1E7A4F7556}") = "WebVella.Erp", "WebVella.ERP\WebVella.Erp.csproj", "{5DD56AA7-9479-4EDF-A10A-FDE7C2708314}"
EndProject
Project("{9A19103F-16F7-4668-BE54-9A1E7A4F7556}") = "WebVella.Erp.Site", "WebVella.Erp.Site\WebVella.Erp.Site.csproj", "{499AC531-9980-44B1-A7C2-13EDC879D430}"
EndProject
Project("{9A19103F-16F7-4668-BE54-9A1E7A4F7556}") = "WebVella.Erp.Web", "WebVella.Erp.Web\WebVella.Erp.Web.csproj", "{1025828E-ADB9-42E2-A27D-87461E104DDB}"
EndProject
Project("{9A19103F-16F7-4668-BE54-9A1E7A4F7556}") = "WebVella.Erp.Plugins.SDK", "WebVella.Erp.Plugins.SDK\WebVella.Erp.Plugins.SDK.csproj", "{F3117BB5-84C8-4791-AFBE-2C15092D9367}"
EndProject
Project("{9A19103F-16F7-4668-BE54-9A1E7A4F7556}") = "WebVella.Erp.Plugins.Next", "WebVella.Erp.Plugins.Next\WebVella.Erp.Plugins.Next.csproj", "{8A5E7461-3D62-48E3-8461-E092A8916756}"
EndProject
Project("{9A19103F-16F7-4668-BE54-9A1E7A4F7556}") = "WebVella.Erp.Plugins.Project", "WebVella.Erp.Plugins.Project\WebVella.Erp.Plugins.Project.csproj", "{21BBEC8A-E9D4-4646-938B-830C89BB4355}"
EndProject
Project("{9A19103F-16F7-4668-BE54-9A1E7A4F7556}") = "WebVella.Erp.Plugins.Crm", "WebVella.Erp.Plugins.Crm\WebVella.Erp.Plugins.Crm.csproj", "{17A4F979-E36F-4129-840B-0F222D7FB6AF}"
EndProject
Project("{9A19103F-16F7-4668-BE54-9A1E7A4F7556}") = "WebVella.Erp.Plugins.Mail", "WebVella.Erp.Plugins.Mail\WebVella.Erp.Plugins.Mail.csproj", "{B3C27A05-5AD4-4D09-9AA0-E772D29C7155}"
EndProject
Project("{9A19103F-16F7-4668-BE54-9A1E7A4F7556}") = "WebVella.Erp.Site.Mail", "WebVella.Erp.Site.Mail\WebVella.Erp.Site.Mail.csproj", "{158BF214-4FE5-47E2-8B09-23D5F092D7DD}"
EndProject
Project("{9A19103F-16F7-4668-BE54-9A1E7A4F7556}") = "WebVella.Erp.Site.Project", "WebVella.Erp.Site.Project\WebVella.Erp.Site.Project.csproj", "{6739491D-04B0-45AC-81B8-35FB9B6A87C5}"
EndProject
Project("{9A19103F-16F7-4668-BE54-9A1E7A4F7556}") = "WebVella.Erp.Site.Crm", "WebVella.Erp.Site.Crm\WebVella.Erp.Site.Crm.csproj", "{35E988D5-CC1A-44F9-8A07-437255D43BAD}"
EndProject
Project("{9A19103F-16F7-4668-BE54-9A1E7A4F7556}") = "WebVella.Erp.Site.Sdk", "WebVella.Erp.Site.Sdk\WebVella.Erp.Site.Sdk.csproj", "{34B45586-6229-4B8C-8CAB-47E0B6709AEE}"
EndProject
Project("{9A19103F-16F7-4668-BE54-9A1E7A4F7556}") = "WebVella.Erp.Site.Next", "WebVella.Erp.Site.Next\WebVella.Erp.Site.Next.csproj", "{179C1926-325B-4AEC-9AD8-90A0D62FF8E8}"
EndProject
Project("{9A19103F-16F7-4668-BE54-9A1E7A4F7556}") = "WebVella.Erp.ConsoleApp", "WebVella.Erp.ConsoleApp\WebVella.Erp.ConsoleApp.csproj", "{830641F9-8887-4F71-BD20-73BC3492450F}"
EndProject
Project("{9A19103F-16F7-4668-BE54-9A1E7A4F7556}") = "WebVella.Erp.Site.MicrosoftCDM", "WebVella.Erp.Site.MicrosoftCDM\WebVella.Erp.Site.MicrosoftCDM.csproj", "{666ED95E-206F-4D9B-AEB0-E994FED1579E}"
EndProject
Project("{9A19103F-16F7-4668-BE54-9A1E7A4F7556}") = "WebVella.Erp.Plugins.MicrosoftCDM", "WebVella.Erp.Plugins.MicrosoftCDM\WebVella.Erp.Plugins.MicrosoftCDM.csproj", "{A7212EDA-DEEE-464D-9C38-D6E09B0B8516}"
EndProject
Project("{9A19103F-16F7-4668-BE54-9A1E7A4F7556}") = "WebVella.Erp.WebAssembly", "WebVella.Erp.WebAssembly\Client\WebVella.Erp.WebAssembly.csproj", "{A59872C0-8CE4-4705-9981-CF4087840830}"
EndProject
Project("{2150E333-8FDC-42A3-9474-1A3956D46DE8}") = "SharedKernel", "SharedKernel", "{F72D1A8B-7551-5381-A64B-A23F1F9FF7FD}"
EndProject
Project("{2150E333-8FDC-42A3-9474-1A3956D46DE8}") = "Services", "Services", "{A917E066-CB1C-5B2A-87DD-27EF9DA5EC4A}"
EndProject
Project("{2150E333-8FDC-42A3-9474-1A3956D46DE8}") = "Gateway", "Gateway", "{04C4E68C-BCDE-5AA0-884C-43249362497E}"
EndProject
Project("{2150E333-8FDC-42A3-9474-1A3956D46DE8}") = "Tests", "Tests", "{0B5BBEA4-9637-5954-93B7-E40FBD8845C9}"
EndProject
Project("{2150E333-8FDC-42A3-9474-1A3956D46DE8}") = "Proto", "Proto", "{40DC7C9A-8F68-53F9-9BE1-65E8C662393E}"
	ProjectSection(SolutionItems) = preProject
		proto\core.proto = proto\core.proto
		proto\crm.proto = proto\crm.proto
		proto\project.proto = proto\project.proto
		proto\mail.proto = proto\mail.proto
		proto\reporting.proto = proto\reporting.proto
		proto\admin.proto = proto\admin.proto
	EndProjectSection
EndProject
Project("{9A19103F-16F7-4668-BE54-9A1E7A4F7556}") = "WebVella.Erp.SharedKernel", "src\SharedKernel\WebVella.Erp.SharedKernel\WebVella.Erp.SharedKernel.csproj", "{167E58C9-A835-580A-81F1-664E5B4D51BC}"
EndProject
Project("{9A19103F-16F7-4668-BE54-9A1E7A4F7556}") = "WebVella.Erp.Service.Core", "src\Services\WebVella.Erp.Service.Core\WebVella.Erp.Service.Core.csproj", "{123B97B8-E31A-57A4-B3A9-7E4D997B4C6F}"
EndProject
Project("{9A19103F-16F7-4668-BE54-9A1E7A4F7556}") = "WebVella.Erp.Service.Crm", "src\Services\WebVella.Erp.Service.Crm\WebVella.Erp.Service.Crm.csproj", "{FB8882D4-8289-57F2-BC09-3BE7B3C6B2A6}"
EndProject
Project("{9A19103F-16F7-4668-BE54-9A1E7A4F7556}") = "WebVella.Erp.Service.Project", "src\Services\WebVella.Erp.Service.Project\WebVella.Erp.Service.Project.csproj", "{5F8FF3D9-2AB3-5B23-B3EB-8EEB68EF5BEF}"
EndProject
Project("{9A19103F-16F7-4668-BE54-9A1E7A4F7556}") = "WebVella.Erp.Service.Mail", "src\Services\WebVella.Erp.Service.Mail\WebVella.Erp.Service.Mail.csproj", "{B6844C90-4A2A-5946-B18B-15C227DA0CA1}"
EndProject
Project("{9A19103F-16F7-4668-BE54-9A1E7A4F7556}") = "WebVella.Erp.Service.Reporting", "src\Services\WebVella.Erp.Service.Reporting\WebVella.Erp.Service.Reporting.csproj", "{DE5EC303-2FD8-5657-A442-9E6DB1524950}"
EndProject
Project("{9A19103F-16F7-4668-BE54-9A1E7A4F7556}") = "WebVella.Erp.Service.Admin", "src\Services\WebVella.Erp.Service.Admin\WebVella.Erp.Service.Admin.csproj", "{E8666503-81B3-5036-9ADC-0EC3F72442D9}"
EndProject
Project("{9A19103F-16F7-4668-BE54-9A1E7A4F7556}") = "WebVella.Erp.Gateway", "src\Gateway\WebVella.Erp.Gateway\WebVella.Erp.Gateway.csproj", "{44D3515C-9F8F-58A9-891B-DAAE7CA51EE6}"
EndProject
Project("{9A19103F-16F7-4668-BE54-9A1E7A4F7556}") = "WebVella.Erp.Tests.SharedKernel", "tests\WebVella.Erp.Tests.SharedKernel\WebVella.Erp.Tests.SharedKernel.csproj", "{422B1D08-480B-5257-ABBB-4EB3968B562C}"
EndProject
Project("{9A19103F-16F7-4668-BE54-9A1E7A4F7556}") = "WebVella.Erp.Tests.Core", "tests\WebVella.Erp.Tests.Core\WebVella.Erp.Tests.Core.csproj", "{F15171CC-46EC-5465-A891-407A8219E97F}"
EndProject
Project("{9A19103F-16F7-4668-BE54-9A1E7A4F7556}") = "WebVella.Erp.Tests.Crm", "tests\WebVella.Erp.Tests.Crm\WebVella.Erp.Tests.Crm.csproj", "{15AC99B9-430C-5909-93C1-1ED323669697}"
EndProject
Project("{9A19103F-16F7-4668-BE54-9A1E7A4F7556}") = "WebVella.Erp.Tests.Project", "tests\WebVella.Erp.Tests.Project\WebVella.Erp.Tests.Project.csproj", "{53295C10-B24E-55DA-B844-CA14D2FEE289}"
EndProject
Project("{9A19103F-16F7-4668-BE54-9A1E7A4F7556}") = "WebVella.Erp.Tests.Mail", "tests\WebVella.Erp.Tests.Mail\WebVella.Erp.Tests.Mail.csproj", "{DF14DB41-1A64-5269-8E3F-8A866DAF3493}"
EndProject
Project("{9A19103F-16F7-4668-BE54-9A1E7A4F7556}") = "WebVella.Erp.Tests.Reporting", "tests\WebVella.Erp.Tests.Reporting\WebVella.Erp.Tests.Reporting.csproj", "{4E26A80B-A32E-5631-8B47-4496B82FC3D4}"
EndProject
Project("{9A19103F-16F7-4668-BE54-9A1E7A4F7556}") = "WebVella.Erp.Tests.Admin", "tests\WebVella.Erp.Tests.Admin\WebVella.Erp.Tests.Admin.csproj", "{F3CF834B-59C6-5DAD-A486-366C7EF48286}"
EndProject
Project("{9A19103F-16F7-4668-BE54-9A1E7A4F7556}") = "WebVella.Erp.Tests.Gateway", "tests\WebVella.Erp.Tests.Gateway\WebVella.Erp.Tests.Gateway.csproj", "{99D35212-1236-52AC-BBF7-5C13FE1F32D3}"
EndProject
Project("{9A19103F-16F7-4668-BE54-9A1E7A4F7556}") = "WebVella.Erp.Tests.Integration", "tests\WebVella.Erp.Tests.Integration\WebVella.Erp.Tests.Integration.csproj", "{39073056-B00D-5BCB-9CA8-6510E07BEDF6}"
EndProject
Global
	GlobalSection(SolutionConfigurationPlatforms) = preSolution
		Debug|Any CPU = Debug|Any CPU
		Debug|x64 = Debug|x64
		Debug|x86 = Debug|x86
		Release|Any CPU = Release|Any CPU
		Release|x64 = Release|x64
		Release|x86 = Release|x86
	EndGlobalSection
	GlobalSection(ProjectConfigurationPlatforms) = postSolution
		{5DD56AA7-9479-4EDF-A10A-FDE7C2708314}.Debug|Any CPU.ActiveCfg = Debug|Any CPU
		{5DD56AA7-9479-4EDF-A10A-FDE7C2708314}.Debug|Any CPU.Build.0 = Debug|Any CPU
		{5DD56AA7-9479-4EDF-A10A-FDE7C2708314}.Debug|x64.ActiveCfg = Debug|Any CPU
		{5DD56AA7-9479-4EDF-A10A-FDE7C2708314}.Debug|x64.Build.0 = Debug|Any CPU
		{5DD56AA7-9479-4EDF-A10A-FDE7C2708314}.Debug|x86.ActiveCfg = Debug|Any CPU
		{5DD56AA7-9479-4EDF-A10A-FDE7C2708314}.Debug|x86.Build.0 = Debug|Any CPU
		{5DD56AA7-9479-4EDF-A10A-FDE7C2708314}.Release|Any CPU.ActiveCfg = Release|Any CPU
		{5DD56AA7-9479-4EDF-A10A-FDE7C2708314}.Release|Any CPU.Build.0 = Release|Any CPU
		{5DD56AA7-9479-4EDF-A10A-FDE7C2708314}.Release|x64.ActiveCfg = Release|Any CPU
		{5DD56AA7-9479-4EDF-A10A-FDE7C2708314}.Release|x64.Build.0 = Release|Any CPU
		{5DD56AA7-9479-4EDF-A10A-FDE7C2708314}.Release|x86.ActiveCfg = Release|Any CPU
		{5DD56AA7-9479-4EDF-A10A-FDE7C2708314}.Release|x86.Build.0 = Release|Any CPU
		{499AC531-9980-44B1-A7C2-13EDC879D430}.Debug|Any CPU.ActiveCfg = Debug|Any CPU
		{499AC531-9980-44B1-A7C2-13EDC879D430}.Debug|Any CPU.Build.0 = Debug|Any CPU
		{499AC531-9980-44B1-A7C2-13EDC879D430}.Debug|x64.ActiveCfg = Debug|Any CPU
		{499AC531-9980-44B1-A7C2-13EDC879D430}.Debug|x64.Build.0 = Debug|Any CPU
		{499AC531-9980-44B1-A7C2-13EDC879D430}.Debug|x86.ActiveCfg = Debug|Any CPU
		{499AC531-9980-44B1-A7C2-13EDC879D430}.Debug|x86.Build.0 = Debug|Any CPU
		{499AC531-9980-44B1-A7C2-13EDC879D430}.Release|Any CPU.ActiveCfg = Release|Any CPU
		{499AC531-9980-44B1-A7C2-13EDC879D430}.Release|Any CPU.Build.0 = Release|Any CPU
		{499AC531-9980-44B1-A7C2-13EDC879D430}.Release|x64.ActiveCfg = Release|Any CPU
		{499AC531-9980-44B1-A7C2-13EDC879D430}.Release|x64.Build.0 = Release|Any CPU
		{499AC531-9980-44B1-A7C2-13EDC879D430}.Release|x86.ActiveCfg = Release|Any CPU
		{499AC531-9980-44B1-A7C2-13EDC879D430}.Release|x86.Build.0 = Release|Any CPU
		{1025828E-ADB9-42E2-A27D-87461E104DDB}.Debug|Any CPU.ActiveCfg = Debug|Any CPU
		{1025828E-ADB9-42E2-A27D-87461E104DDB}.Debug|Any CPU.Build.0 = Debug|Any CPU
		{1025828E-ADB9-42E2-A27D-87461E104DDB}.Debug|x64.ActiveCfg = Debug|Any CPU
		{1025828E-ADB9-42E2-A27D-87461E104DDB}.Debug|x64.Build.0 = Debug|Any CPU
		{1025828E-ADB9-42E2-A27D-87461E104DDB}.Debug|x86.ActiveCfg = Debug|Any CPU
		{1025828E-ADB9-42E2-A27D-87461E104DDB}.Debug|x86.Build.0 = Debug|Any CPU
		{1025828E-ADB9-42E2-A27D-87461E104DDB}.Release|Any CPU.ActiveCfg = Release|Any CPU
		{1025828E-ADB9-42E2-A27D-87461E104DDB}.Release|Any CPU.Build.0 = Release|Any CPU
		{1025828E-ADB9-42E2-A27D-87461E104DDB}.Release|x64.ActiveCfg = Release|Any CPU
		{1025828E-ADB9-42E2-A27D-87461E104DDB}.Release|x64.Build.0 = Release|Any CPU
		{1025828E-ADB9-42E2-A27D-87461E104DDB}.Release|x86.ActiveCfg = Release|Any CPU
		{1025828E-ADB9-42E2-A27D-87461E104DDB}.Release|x86.Build.0 = Release|Any CPU
		{F3117BB5-84C8-4791-AFBE-2C15092D9367}.Debug|Any CPU.ActiveCfg = Debug|Any CPU
		{F3117BB5-84C8-4791-AFBE-2C15092D9367}.Debug|Any CPU.Build.0 = Debug|Any CPU
		{F3117BB5-84C8-4791-AFBE-2C15092D9367}.Debug|x64.ActiveCfg = Debug|Any CPU
		{F3117BB5-84C8-4791-AFBE-2C15092D9367}.Debug|x64.Build.0 = Debug|Any CPU
		{F3117BB5-84C8-4791-AFBE-2C15092D9367}.Debug|x86.ActiveCfg = Debug|Any CPU
		{F3117BB5-84C8-4791-AFBE-2C15092D9367}.Debug|x86.Build.0 = Debug|Any CPU
		{F3117BB5-84C8-4791-AFBE-2C15092D9367}.Release|Any CPU.ActiveCfg = Release|Any CPU
		{F3117BB5-84C8-4791-AFBE-2C15092D9367}.Release|Any CPU.Build.0 = Release|Any CPU
		{F3117BB5-84C8-4791-AFBE-2C15092D9367}.Release|x64.ActiveCfg = Release|Any CPU
		{F3117BB5-84C8-4791-AFBE-2C15092D9367}.Release|x64.Build.0 = Release|Any CPU
		{F3117BB5-84C8-4791-AFBE-2C15092D9367}.Release|x86.ActiveCfg = Release|Any CPU
		{F3117BB5-84C8-4791-AFBE-2C15092D9367}.Release|x86.Build.0 = Release|Any CPU
		{8A5E7461-3D62-48E3-8461-E092A8916756}.Debug|Any CPU.ActiveCfg = Debug|Any CPU
		{8A5E7461-3D62-48E3-8461-E092A8916756}.Debug|Any CPU.Build.0 = Debug|Any CPU
		{8A5E7461-3D62-48E3-8461-E092A8916756}.Debug|x64.ActiveCfg = Debug|Any CPU
		{8A5E7461-3D62-48E3-8461-E092A8916756}.Debug|x64.Build.0 = Debug|Any CPU
		{8A5E7461-3D62-48E3-8461-E092A8916756}.Debug|x86.ActiveCfg = Debug|Any CPU
		{8A5E7461-3D62-48E3-8461-E092A8916756}.Debug|x86.Build.0 = Debug|Any CPU
		{8A5E7461-3D62-48E3-8461-E092A8916756}.Release|Any CPU.ActiveCfg = Release|Any CPU
		{8A5E7461-3D62-48E3-8461-E092A8916756}.Release|Any CPU.Build.0 = Release|Any CPU
		{8A5E7461-3D62-48E3-8461-E092A8916756}.Release|x64.ActiveCfg = Release|Any CPU
		{8A5E7461-3D62-48E3-8461-E092A8916756}.Release|x64.Build.0 = Release|Any CPU
		{8A5E7461-3D62-48E3-8461-E092A8916756}.Release|x86.ActiveCfg = Release|Any CPU
		{8A5E7461-3D62-48E3-8461-E092A8916756}.Release|x86.Build.0 = Release|Any CPU
		{21BBEC8A-E9D4-4646-938B-830C89BB4355}.Debug|Any CPU.ActiveCfg = Debug|Any CPU
		{21BBEC8A-E9D4-4646-938B-830C89BB4355}.Debug|Any CPU.Build.0 = Debug|Any CPU
		{21BBEC8A-E9D4-4646-938B-830C89BB4355}.Debug|x64.ActiveCfg = Debug|Any CPU
		{21BBEC8A-E9D4-4646-938B-830C89BB4355}.Debug|x64.Build.0 = Debug|Any CPU
		{21BBEC8A-E9D4-4646-938B-830C89BB4355}.Debug|x86.ActiveCfg = Debug|Any CPU
		{21BBEC8A-E9D4-4646-938B-830C89BB4355}.Debug|x86.Build.0 = Debug|Any CPU
		{21BBEC8A-E9D4-4646-938B-830C89BB4355}.Release|Any CPU.ActiveCfg = Release|Any CPU
		{21BBEC8A-E9D4-4646-938B-830C89BB4355}.Release|Any CPU.Build.0 = Release|Any CPU
		{21BBEC8A-E9D4-4646-938B-830C89BB4355}.Release|x64.ActiveCfg = Release|Any CPU
		{21BBEC8A-E9D4-4646-938B-830C89BB4355}.Release|x64.Build.0 = Release|Any CPU
		{21BBEC8A-E9D4-4646-938B-830C89BB4355}.Release|x86.ActiveCfg = Release|Any CPU
		{21BBEC8A-E9D4-4646-938B-830C89BB4355}.Release|x86.Build.0 = Release|Any CPU
		{17A4F979-E36F-4129-840B-0F222D7FB6AF}.Debug|Any CPU.ActiveCfg = Debug|Any CPU
		{17A4F979-E36F-4129-840B-0F222D7FB6AF}.Debug|Any CPU.Build.0 = Debug|Any CPU
		{17A4F979-E36F-4129-840B-0F222D7FB6AF}.Debug|x64.ActiveCfg = Debug|Any CPU
		{17A4F979-E36F-4129-840B-0F222D7FB6AF}.Debug|x64.Build.0 = Debug|Any CPU
		{17A4F979-E36F-4129-840B-0F222D7FB6AF}.Debug|x86.ActiveCfg = Debug|Any CPU
		{17A4F979-E36F-4129-840B-0F222D7FB6AF}.Debug|x86.Build.0 = Debug|Any CPU
		{17A4F979-E36F-4129-840B-0F222D7FB6AF}.Release|Any CPU.ActiveCfg = Release|Any CPU
		{17A4F979-E36F-4129-840B-0F222D7FB6AF}.Release|Any CPU.Build.0 = Release|Any CPU
		{17A4F979-E36F-4129-840B-0F222D7FB6AF}.Release|x64.ActiveCfg = Release|Any CPU
		{17A4F979-E36F-4129-840B-0F222D7FB6AF}.Release|x64.Build.0 = Release|Any CPU
		{17A4F979-E36F-4129-840B-0F222D7FB6AF}.Release|x86.ActiveCfg = Release|Any CPU
		{17A4F979-E36F-4129-840B-0F222D7FB6AF}.Release|x86.Build.0 = Release|Any CPU
		{B3C27A05-5AD4-4D09-9AA0-E772D29C7155}.Debug|Any CPU.ActiveCfg = Debug|Any CPU
		{B3C27A05-5AD4-4D09-9AA0-E772D29C7155}.Debug|Any CPU.Build.0 = Debug|Any CPU
		{B3C27A05-5AD4-4D09-9AA0-E772D29C7155}.Debug|x64.ActiveCfg = Debug|Any CPU
		{B3C27A05-5AD4-4D09-9AA0-E772D29C7155}.Debug|x64.Build.0 = Debug|Any CPU
		{B3C27A05-5AD4-4D09-9AA0-E772D29C7155}.Debug|x86.ActiveCfg = Debug|Any CPU
		{B3C27A05-5AD4-4D09-9AA0-E772D29C7155}.Debug|x86.Build.0 = Debug|Any CPU
		{B3C27A05-5AD4-4D09-9AA0-E772D29C7155}.Release|Any CPU.ActiveCfg = Release|Any CPU
		{B3C27A05-5AD4-4D09-9AA0-E772D29C7155}.Release|Any CPU.Build.0 = Release|Any CPU
		{B3C27A05-5AD4-4D09-9AA0-E772D29C7155}.Release|x64.ActiveCfg = Release|Any CPU
		{B3C27A05-5AD4-4D09-9AA0-E772D29C7155}.Release|x64.Build.0 = Release|Any CPU
		{B3C27A05-5AD4-4D09-9AA0-E772D29C7155}.Release|x86.ActiveCfg = Release|Any CPU
		{B3C27A05-5AD4-4D09-9AA0-E772D29C7155}.Release|x86.Build.0 = Release|Any CPU
		{158BF214-4FE5-47E2-8B09-23D5F092D7DD}.Debug|Any CPU.ActiveCfg = Debug|Any CPU
		{158BF214-4FE5-47E2-8B09-23D5F092D7DD}.Debug|Any CPU.Build.0 = Debug|Any CPU
		{158BF214-4FE5-47E2-8B09-23D5F092D7DD}.Debug|x64.ActiveCfg = Debug|Any CPU
		{158BF214-4FE5-47E2-8B09-23D5F092D7DD}.Debug|x64.Build.0 = Debug|Any CPU
		{158BF214-4FE5-47E2-8B09-23D5F092D7DD}.Debug|x86.ActiveCfg = Debug|Any CPU
		{158BF214-4FE5-47E2-8B09-23D5F092D7DD}.Debug|x86.Build.0 = Debug|Any CPU
		{158BF214-4FE5-47E2-8B09-23D5F092D7DD}.Release|Any CPU.ActiveCfg = Release|Any CPU
		{158BF214-4FE5-47E2-8B09-23D5F092D7DD}.Release|Any CPU.Build.0 = Release|Any CPU
		{158BF214-4FE5-47E2-8B09-23D5F092D7DD}.Release|x64.ActiveCfg = Release|Any CPU
		{158BF214-4FE5-47E2-8B09-23D5F092D7DD}.Release|x64.Build.0 = Release|Any CPU
		{158BF214-4FE5-47E2-8B09-23D5F092D7DD}.Release|x86.ActiveCfg = Release|Any CPU
		{158BF214-4FE5-47E2-8B09-23D5F092D7DD}.Release|x86.Build.0 = Release|Any CPU
		{6739491D-04B0-45AC-81B8-35FB9B6A87C5}.Debug|Any CPU.ActiveCfg = Debug|Any CPU
		{6739491D-04B0-45AC-81B8-35FB9B6A87C5}.Debug|Any CPU.Build.0 = Debug|Any CPU
		{6739491D-04B0-45AC-81B8-35FB9B6A87C5}.Debug|x64.ActiveCfg = Debug|Any CPU
		{6739491D-04B0-45AC-81B8-35FB9B6A87C5}.Debug|x64.Build.0 = Debug|Any CPU
		{6739491D-04B0-45AC-81B8-35FB9B6A87C5}.Debug|x86.ActiveCfg = Debug|Any CPU
		{6739491D-04B0-45AC-81B8-35FB9B6A87C5}.Debug|x86.Build.0 = Debug|Any CPU
		{6739491D-04B0-45AC-81B8-35FB9B6A87C5}.Release|Any CPU.ActiveCfg = Release|Any CPU
		{6739491D-04B0-45AC-81B8-35FB9B6A87C5}.Release|Any CPU.Build.0 = Release|Any CPU
		{6739491D-04B0-45AC-81B8-35FB9B6A87C5}.Release|x64.ActiveCfg = Release|Any CPU
		{6739491D-04B0-45AC-81B8-35FB9B6A87C5}.Release|x64.Build.0 = Release|Any CPU
		{6739491D-04B0-45AC-81B8-35FB9B6A87C5}.Release|x86.ActiveCfg = Release|Any CPU
		{6739491D-04B0-45AC-81B8-35FB9B6A87C5}.Release|x86.Build.0 = Release|Any CPU
		{35E988D5-CC1A-44F9-8A07-437255D43BAD}.Debug|Any CPU.ActiveCfg = Debug|Any CPU
		{35E988D5-CC1A-44F9-8A07-437255D43BAD}.Debug|Any CPU.Build.0 = Debug|Any CPU
		{35E988D5-CC1A-44F9-8A07-437255D43BAD}.Debug|x64.ActiveCfg = Debug|Any CPU
		{35E988D5-CC1A-44F9-8A07-437255D43BAD}.Debug|x64.Build.0 = Debug|Any CPU
		{35E988D5-CC1A-44F9-8A07-437255D43BAD}.Debug|x86.ActiveCfg = Debug|Any CPU
		{35E988D5-CC1A-44F9-8A07-437255D43BAD}.Debug|x86.Build.0 = Debug|Any CPU
		{35E988D5-CC1A-44F9-8A07-437255D43BAD}.Release|Any CPU.ActiveCfg = Release|Any CPU
		{35E988D5-CC1A-44F9-8A07-437255D43BAD}.Release|Any CPU.Build.0 = Release|Any CPU
		{35E988D5-CC1A-44F9-8A07-437255D43BAD}.Release|x64.ActiveCfg = Release|Any CPU
		{35E988D5-CC1A-44F9-8A07-437255D43BAD}.Release|x64.Build.0 = Release|Any CPU
		{35E988D5-CC1A-44F9-8A07-437255D43BAD}.Release|x86.ActiveCfg = Release|Any CPU
		{35E988D5-CC1A-44F9-8A07-437255D43BAD}.Release|x86.Build.0 = Release|Any CPU
		{34B45586-6229-4B8C-8CAB-47E0B6709AEE}.Debug|Any CPU.ActiveCfg = Debug|Any CPU
		{34B45586-6229-4B8C-8CAB-47E0B6709AEE}.Debug|Any CPU.Build.0 = Debug|Any CPU
		{34B45586-6229-4B8C-8CAB-47E0B6709AEE}.Debug|x64.ActiveCfg = Debug|Any CPU
		{34B45586-6229-4B8C-8CAB-47E0B6709AEE}.Debug|x64.Build.0 = Debug|Any CPU
		{34B45586-6229-4B8C-8CAB-47E0B6709AEE}.Debug|x86.ActiveCfg = Debug|Any CPU
		{34B45586-6229-4B8C-8CAB-47E0B6709AEE}.Debug|x86.Build.0 = Debug|Any CPU
		{34B45586-6229-4B8C-8CAB-47E0B6709AEE}.Release|Any CPU.ActiveCfg = Release|Any CPU
		{34B45586-6229-4B8C-8CAB-47E0B6709AEE}.Release|Any CPU.Build.0 = Release|Any CPU
		{34B45586-6229-4B8C-8CAB-47E0B6709AEE}.Release|x64.ActiveCfg = Release|Any CPU
		{34B45586-6229-4B8C-8CAB-47E0B6709AEE}.Release|x64.Build.0 = Release|Any CPU
		{34B45586-6229-4B8C-8CAB-47E0B6709AEE}.Release|x86.ActiveCfg = Release|Any CPU
		{34B45586-6229-4B8C-8CAB-47E0B6709AEE}.Release|x86.Build.0 = Release|Any CPU
		{179C1926-325B-4AEC-9AD8-90A0D62FF8E8}.Debug|Any CPU.ActiveCfg = Debug|Any CPU
		{179C1926-325B-4AEC-9AD8-90A0D62FF8E8}.Debug|Any CPU.Build.0 = Debug|Any CPU
		{179C1926-325B-4AEC-9AD8-90A0D62FF8E8}.Debug|x64.ActiveCfg = Debug|Any CPU
		{179C1926-325B-4AEC-9AD8-90A0D62FF8E8}.Debug|x64.Build.0 = Debug|Any CPU
		{179C1926-325B-4AEC-9AD8-90A0D62FF8E8}.Debug|x86.ActiveCfg = Debug|Any CPU
		{179C1926-325B-4AEC-9AD8-90A0D62FF8E8}.Debug|x86.Build.0 = Debug|Any CPU
		{179C1926-325B-4AEC-9AD8-90A0D62FF8E8}.Release|Any CPU.ActiveCfg = Release|Any CPU
		{179C1926-325B-4AEC-9AD8-90A0D62FF8E8}.Release|Any CPU.Build.0 = Release|Any CPU
		{179C1926-325B-4AEC-9AD8-90A0D62FF8E8}.Release|x64.ActiveCfg = Release|Any CPU
		{179C1926-325B-4AEC-9AD8-90A0D62FF8E8}.Release|x64.Build.0 = Release|Any CPU
		{179C1926-325B-4AEC-9AD8-90A0D62FF8E8}.Release|x86.ActiveCfg = Release|Any CPU
		{179C1926-325B-4AEC-9AD8-90A0D62FF8E8}.Release|x86.Build.0 = Release|Any CPU
		{830641F9-8887-4F71-BD20-73BC3492450F}.Debug|Any CPU.ActiveCfg = Debug|Any CPU
		{830641F9-8887-4F71-BD20-73BC3492450F}.Debug|Any CPU.Build.0 = Debug|Any CPU
		{830641F9-8887-4F71-BD20-73BC3492450F}.Debug|x64.ActiveCfg = Debug|Any CPU
		{830641F9-8887-4F71-BD20-73BC3492450F}.Debug|x64.Build.0 = Debug|Any CPU
		{830641F9-8887-4F71-BD20-73BC3492450F}.Debug|x86.ActiveCfg = Debug|Any CPU
		{830641F9-8887-4F71-BD20-73BC3492450F}.Debug|x86.Build.0 = Debug|Any CPU
		{830641F9-8887-4F71-BD20-73BC3492450F}.Release|Any CPU.ActiveCfg = Release|Any CPU
		{830641F9-8887-4F71-BD20-73BC3492450F}.Release|Any CPU.Build.0 = Release|Any CPU
		{830641F9-8887-4F71-BD20-73BC3492450F}.Release|x64.ActiveCfg = Release|Any CPU
		{830641F9-8887-4F71-BD20-73BC3492450F}.Release|x64.Build.0 = Release|Any CPU
		{830641F9-8887-4F71-BD20-73BC3492450F}.Release|x86.ActiveCfg = Release|Any CPU
		{830641F9-8887-4F71-BD20-73BC3492450F}.Release|x86.Build.0 = Release|Any CPU
		{666ED95E-206F-4D9B-AEB0-E994FED1579E}.Debug|Any CPU.ActiveCfg = Debug|Any CPU
		{666ED95E-206F-4D9B-AEB0-E994FED1579E}.Debug|Any CPU.Build.0 = Debug|Any CPU
		{666ED95E-206F-4D9B-AEB0-E994FED1579E}.Debug|x64.ActiveCfg = Debug|Any CPU
		{666ED95E-206F-4D9B-AEB0-E994FED1579E}.Debug|x64.Build.0 = Debug|Any CPU
		{666ED95E-206F-4D9B-AEB0-E994FED1579E}.Debug|x86.ActiveCfg = Debug|Any CPU
		{666ED95E-206F-4D9B-AEB0-E994FED1579E}.Debug|x86.Build.0 = Debug|Any CPU
		{666ED95E-206F-4D9B-AEB0-E994FED1579E}.Release|Any CPU.ActiveCfg = Release|Any CPU
		{666ED95E-206F-4D9B-AEB0-E994FED1579E}.Release|Any CPU.Build.0 = Release|Any CPU
		{666ED95E-206F-4D9B-AEB0-E994FED1579E}.Release|x64.ActiveCfg = Release|Any CPU
		{666ED95E-206F-4D9B-AEB0-E994FED1579E}.Release|x64.Build.0 = Release|Any CPU
		{666ED95E-206F-4D9B-AEB0-E994FED1579E}.Release|x86.ActiveCfg = Release|Any CPU
		{666ED95E-206F-4D9B-AEB0-E994FED1579E}.Release|x86.Build.0 = Release|Any CPU
		{A7212EDA-DEEE-464D-9C38-D6E09B0B8516}.Debug|Any CPU.ActiveCfg = Debug|Any CPU
		{A7212EDA-DEEE-464D-9C38-D6E09B0B8516}.Debug|Any CPU.Build.0 = Debug|Any CPU
		{A7212EDA-DEEE-464D-9C38-D6E09B0B8516}.Debug|x64.ActiveCfg = Debug|Any CPU
		{A7212EDA-DEEE-464D-9C38-D6E09B0B8516}.Debug|x64.Build.0 = Debug|Any CPU
		{A7212EDA-DEEE-464D-9C38-D6E09B0B8516}.Debug|x86.ActiveCfg = Debug|Any CPU
		{A7212EDA-DEEE-464D-9C38-D6E09B0B8516}.Debug|x86.Build.0 = Debug|Any CPU
		{A7212EDA-DEEE-464D-9C38-D6E09B0B8516}.Release|Any CPU.ActiveCfg = Release|Any CPU
		{A7212EDA-DEEE-464D-9C38-D6E09B0B8516}.Release|Any CPU.Build.0 = Release|Any CPU
		{A7212EDA-DEEE-464D-9C38-D6E09B0B8516}.Release|x64.ActiveCfg = Release|Any CPU
		{A7212EDA-DEEE-464D-9C38-D6E09B0B8516}.Release|x64.Build.0 = Release|Any CPU
		{A7212EDA-DEEE-464D-9C38-D6E09B0B8516}.Release|x86.ActiveCfg = Release|Any CPU
		{A7212EDA-DEEE-464D-9C38-D6E09B0B8516}.Release|x86.Build.0 = Release|Any CPU
		{A59872C0-8CE4-4705-9981-CF4087840830}.Debug|Any CPU.ActiveCfg = Debug|Any CPU
		{A59872C0-8CE4-4705-9981-CF4087840830}.Debug|Any CPU.Build.0 = Debug|Any CPU
		{A59872C0-8CE4-4705-9981-CF4087840830}.Debug|x64.ActiveCfg = Debug|Any CPU
		{A59872C0-8CE4-4705-9981-CF4087840830}.Debug|x64.Build.0 = Debug|Any CPU
		{A59872C0-8CE4-4705-9981-CF4087840830}.Debug|x86.ActiveCfg = Debug|Any CPU
		{A59872C0-8CE4-4705-9981-CF4087840830}.Debug|x86.Build.0 = Debug|Any CPU
		{A59872C0-8CE4-4705-9981-CF4087840830}.Release|Any CPU.ActiveCfg = Release|Any CPU
		{A59872C0-8CE4-4705-9981-CF4087840830}.Release|Any CPU.Build.0 = Release|Any CPU
		{A59872C0-8CE4-4705-9981-CF4087840830}.Release|x64.ActiveCfg = Release|Any CPU
		{A59872C0-8CE4-4705-9981-CF4087840830}.Release|x64.Build.0 = Release|Any CPU
		{A59872C0-8CE4-4705-9981-CF4087840830}.Release|x86.ActiveCfg = Release|Any CPU
		{A59872C0-8CE4-4705-9981-CF4087840830}.Release|x86.Build.0 = Release|Any CPU
		{167E58C9-A835-580A-81F1-664E5B4D51BC}.Debug|Any CPU.ActiveCfg = Debug|Any CPU
		{167E58C9-A835-580A-81F1-664E5B4D51BC}.Debug|Any CPU.Build.0 = Debug|Any CPU
		{167E58C9-A835-580A-81F1-664E5B4D51BC}.Debug|x64.ActiveCfg = Debug|Any CPU
		{167E58C9-A835-580A-81F1-664E5B4D51BC}.Debug|x64.Build.0 = Debug|Any CPU
		{167E58C9-A835-580A-81F1-664E5B4D51BC}.Debug|x86.ActiveCfg = Debug|Any CPU
		{167E58C9-A835-580A-81F1-664E5B4D51BC}.Debug|x86.Build.0 = Debug|Any CPU
		{167E58C9-A835-580A-81F1-664E5B4D51BC}.Release|Any CPU.ActiveCfg = Release|Any CPU
		{167E58C9-A835-580A-81F1-664E5B4D51BC}.Release|Any CPU.Build.0 = Release|Any CPU
		{167E58C9-A835-580A-81F1-664E5B4D51BC}.Release|x64.ActiveCfg = Release|Any CPU
		{167E58C9-A835-580A-81F1-664E5B4D51BC}.Release|x64.Build.0 = Release|Any CPU
		{167E58C9-A835-580A-81F1-664E5B4D51BC}.Release|x86.ActiveCfg = Release|Any CPU
		{167E58C9-A835-580A-81F1-664E5B4D51BC}.Release|x86.Build.0 = Release|Any CPU
		{123B97B8-E31A-57A4-B3A9-7E4D997B4C6F}.Debug|Any CPU.ActiveCfg = Debug|Any CPU
		{123B97B8-E31A-57A4-B3A9-7E4D997B4C6F}.Debug|Any CPU.Build.0 = Debug|Any CPU
		{123B97B8-E31A-57A4-B3A9-7E4D997B4C6F}.Debug|x64.ActiveCfg = Debug|Any CPU
		{123B97B8-E31A-57A4-B3A9-7E4D997B4C6F}.Debug|x64.Build.0 = Debug|Any CPU
		{123B97B8-E31A-57A4-B3A9-7E4D997B4C6F}.Debug|x86.ActiveCfg = Debug|Any CPU
		{123B97B8-E31A-57A4-B3A9-7E4D997B4C6F}.Debug|x86.Build.0 = Debug|Any CPU
		{123B97B8-E31A-57A4-B3A9-7E4D997B4C6F}.Release|Any CPU.ActiveCfg = Release|Any CPU
		{123B97B8-E31A-57A4-B3A9-7E4D997B4C6F}.Release|Any CPU.Build.0 = Release|Any CPU
		{123B97B8-E31A-57A4-B3A9-7E4D997B4C6F}.Release|x64.ActiveCfg = Release|Any CPU
		{123B97B8-E31A-57A4-B3A9-7E4D997B4C6F}.Release|x64.Build.0 = Release|Any CPU
		{123B97B8-E31A-57A4-B3A9-7E4D997B4C6F}.Release|x86.ActiveCfg = Release|Any CPU
		{123B97B8-E31A-57A4-B3A9-7E4D997B4C6F}.Release|x86.Build.0 = Release|Any CPU
		{FB8882D4-8289-57F2-BC09-3BE7B3C6B2A6}.Debug|Any CPU.ActiveCfg = Debug|Any CPU
		{FB8882D4-8289-57F2-BC09-3BE7B3C6B2A6}.Debug|Any CPU.Build.0 = Debug|Any CPU
		{FB8882D4-8289-57F2-BC09-3BE7B3C6B2A6}.Debug|x64.ActiveCfg = Debug|Any CPU
		{FB8882D4-8289-57F2-BC09-3BE7B3C6B2A6}.Debug|x64.Build.0 = Debug|Any CPU
		{FB8882D4-8289-57F2-BC09-3BE7B3C6B2A6}.Debug|x86.ActiveCfg = Debug|Any CPU
		{FB8882D4-8289-57F2-BC09-3BE7B3C6B2A6}.Debug|x86.Build.0 = Debug|Any CPU
		{FB8882D4-8289-57F2-BC09-3BE7B3C6B2A6}.Release|Any CPU.ActiveCfg = Release|Any CPU
		{FB8882D4-8289-57F2-BC09-3BE7B3C6B2A6}.Release|Any CPU.Build.0 = Release|Any CPU
		{FB8882D4-8289-57F2-BC09-3BE7B3C6B2A6}.Release|x64.ActiveCfg = Release|Any CPU
		{FB8882D4-8289-57F2-BC09-3BE7B3C6B2A6}.Release|x64.Build.0 = Release|Any CPU
		{FB8882D4-8289-57F2-BC09-3BE7B3C6B2A6}.Release|x86.ActiveCfg = Release|Any CPU
		{FB8882D4-8289-57F2-BC09-3BE7B3C6B2A6}.Release|x86.Build.0 = Release|Any CPU
		{5F8FF3D9-2AB3-5B23-B3EB-8EEB68EF5BEF}.Debug|Any CPU.ActiveCfg = Debug|Any CPU
		{5F8FF3D9-2AB3-5B23-B3EB-8EEB68EF5BEF}.Debug|Any CPU.Build.0 = Debug|Any CPU
		{5F8FF3D9-2AB3-5B23-B3EB-8EEB68EF5BEF}.Debug|x64.ActiveCfg = Debug|Any CPU
		{5F8FF3D9-2AB3-5B23-B3EB-8EEB68EF5BEF}.Debug|x64.Build.0 = Debug|Any CPU
		{5F8FF3D9-2AB3-5B23-B3EB-8EEB68EF5BEF}.Debug|x86.ActiveCfg = Debug|Any CPU
		{5F8FF3D9-2AB3-5B23-B3EB-8EEB68EF5BEF}.Debug|x86.Build.0 = Debug|Any CPU
		{5F8FF3D9-2AB3-5B23-B3EB-8EEB68EF5BEF}.Release|Any CPU.ActiveCfg = Release|Any CPU
		{5F8FF3D9-2AB3-5B23-B3EB-8EEB68EF5BEF}.Release|Any CPU.Build.0 = Release|Any CPU
		{5F8FF3D9-2AB3-5B23-B3EB-8EEB68EF5BEF}.Release|x64.ActiveCfg = Release|Any CPU
		{5F8FF3D9-2AB3-5B23-B3EB-8EEB68EF5BEF}.Release|x64.Build.0 = Release|Any CPU
		{5F8FF3D9-2AB3-5B23-B3EB-8EEB68EF5BEF}.Release|x86.ActiveCfg = Release|Any CPU
		{5F8FF3D9-2AB3-5B23-B3EB-8EEB68EF5BEF}.Release|x86.Build.0 = Release|Any CPU
		{B6844C90-4A2A-5946-B18B-15C227DA0CA1}.Debug|Any CPU.ActiveCfg = Debug|Any CPU
		{B6844C90-4A2A-5946-B18B-15C227DA0CA1}.Debug|Any CPU.Build.0 = Debug|Any CPU
		{B6844C90-4A2A-5946-B18B-15C227DA0CA1}.Debug|x64.ActiveCfg = Debug|Any CPU
		{B6844C90-4A2A-5946-B18B-15C227DA0CA1}.Debug|x64.Build.0 = Debug|Any CPU
		{B6844C90-4A2A-5946-B18B-15C227DA0CA1}.Debug|x86.ActiveCfg = Debug|Any CPU
		{B6844C90-4A2A-5946-B18B-15C227DA0CA1}.Debug|x86.Build.0 = Debug|Any CPU
		{B6844C90-4A2A-5946-B18B-15C227DA0CA1}.Release|Any CPU.ActiveCfg = Release|Any CPU
		{B6844C90-4A2A-5946-B18B-15C227DA0CA1}.Release|Any CPU.Build.0 = Release|Any CPU
		{B6844C90-4A2A-5946-B18B-15C227DA0CA1}.Release|x64.ActiveCfg = Release|Any CPU
		{B6844C90-4A2A-5946-B18B-15C227DA0CA1}.Release|x64.Build.0 = Release|Any CPU
		{B6844C90-4A2A-5946-B18B-15C227DA0CA1}.Release|x86.ActiveCfg = Release|Any CPU
		{B6844C90-4A2A-5946-B18B-15C227DA0CA1}.Release|x86.Build.0 = Release|Any CPU
		{DE5EC303-2FD8-5657-A442-9E6DB1524950}.Debug|Any CPU.ActiveCfg = Debug|Any CPU
		{DE5EC303-2FD8-5657-A442-9E6DB1524950}.Debug|Any CPU.Build.0 = Debug|Any CPU
		{DE5EC303-2FD8-5657-A442-9E6DB1524950}.Debug|x64.ActiveCfg = Debug|Any CPU
		{DE5EC303-2FD8-5657-A442-9E6DB1524950}.Debug|x64.Build.0 = Debug|Any CPU
		{DE5EC303-2FD8-5657-A442-9E6DB1524950}.Debug|x86.ActiveCfg = Debug|Any CPU
		{DE5EC303-2FD8-5657-A442-9E6DB1524950}.Debug|x86.Build.0 = Debug|Any CPU
		{DE5EC303-2FD8-5657-A442-9E6DB1524950}.Release|Any CPU.ActiveCfg = Release|Any CPU
		{DE5EC303-2FD8-5657-A442-9E6DB1524950}.Release|Any CPU.Build.0 = Release|Any CPU
		{DE5EC303-2FD8-5657-A442-9E6DB1524950}.Release|x64.ActiveCfg = Release|Any CPU
		{DE5EC303-2FD8-5657-A442-9E6DB1524950}.Release|x64.Build.0 = Release|Any CPU
		{DE5EC303-2FD8-5657-A442-9E6DB1524950}.Release|x86.ActiveCfg = Release|Any CPU
		{DE5EC303-2FD8-5657-A442-9E6DB1524950}.Release|x86.Build.0 = Release|Any CPU
		{E8666503-81B3-5036-9ADC-0EC3F72442D9}.Debug|Any CPU.ActiveCfg = Debug|Any CPU
		{E8666503-81B3-5036-9ADC-0EC3F72442D9}.Debug|Any CPU.Build.0 = Debug|Any CPU
		{E8666503-81B3-5036-9ADC-0EC3F72442D9}.Debug|x64.ActiveCfg = Debug|Any CPU
		{E8666503-81B3-5036-9ADC-0EC3F72442D9}.Debug|x64.Build.0 = Debug|Any CPU
		{E8666503-81B3-5036-9ADC-0EC3F72442D9}.Debug|x86.ActiveCfg = Debug|Any CPU
		{E8666503-81B3-5036-9ADC-0EC3F72442D9}.Debug|x86.Build.0 = Debug|Any CPU
		{E8666503-81B3-5036-9ADC-0EC3F72442D9}.Release|Any CPU.ActiveCfg = Release|Any CPU
		{E8666503-81B3-5036-9ADC-0EC3F72442D9}.Release|Any CPU.Build.0 = Release|Any CPU
		{E8666503-81B3-5036-9ADC-0EC3F72442D9}.Release|x64.ActiveCfg = Release|Any CPU
		{E8666503-81B3-5036-9ADC-0EC3F72442D9}.Release|x64.Build.0 = Release|Any CPU
		{E8666503-81B3-5036-9ADC-0EC3F72442D9}.Release|x86.ActiveCfg = Release|Any CPU
		{E8666503-81B3-5036-9ADC-0EC3F72442D9}.Release|x86.Build.0 = Release|Any CPU
		{44D3515C-9F8F-58A9-891B-DAAE7CA51EE6}.Debug|Any CPU.ActiveCfg = Debug|Any CPU
		{44D3515C-9F8F-58A9-891B-DAAE7CA51EE6}.Debug|Any CPU.Build.0 = Debug|Any CPU
		{44D3515C-9F8F-58A9-891B-DAAE7CA51EE6}.Debug|x64.ActiveCfg = Debug|Any CPU
		{44D3515C-9F8F-58A9-891B-DAAE7CA51EE6}.Debug|x64.Build.0 = Debug|Any CPU
		{44D3515C-9F8F-58A9-891B-DAAE7CA51EE6}.Debug|x86.ActiveCfg = Debug|Any CPU
		{44D3515C-9F8F-58A9-891B-DAAE7CA51EE6}.Debug|x86.Build.0 = Debug|Any CPU
		{44D3515C-9F8F-58A9-891B-DAAE7CA51EE6}.Release|Any CPU.ActiveCfg = Release|Any CPU
		{44D3515C-9F8F-58A9-891B-DAAE7CA51EE6}.Release|Any CPU.Build.0 = Release|Any CPU
		{44D3515C-9F8F-58A9-891B-DAAE7CA51EE6}.Release|x64.ActiveCfg = Release|Any CPU
		{44D3515C-9F8F-58A9-891B-DAAE7CA51EE6}.Release|x64.Build.0 = Release|Any CPU
		{44D3515C-9F8F-58A9-891B-DAAE7CA51EE6}.Release|x86.ActiveCfg = Release|Any CPU
		{44D3515C-9F8F-58A9-891B-DAAE7CA51EE6}.Release|x86.Build.0 = Release|Any CPU
		{422B1D08-480B-5257-ABBB-4EB3968B562C}.Debug|Any CPU.ActiveCfg = Debug|Any CPU
		{422B1D08-480B-5257-ABBB-4EB3968B562C}.Debug|Any CPU.Build.0 = Debug|Any CPU
		{422B1D08-480B-5257-ABBB-4EB3968B562C}.Debug|x64.ActiveCfg = Debug|Any CPU
		{422B1D08-480B-5257-ABBB-4EB3968B562C}.Debug|x64.Build.0 = Debug|Any CPU
		{422B1D08-480B-5257-ABBB-4EB3968B562C}.Debug|x86.ActiveCfg = Debug|Any CPU
		{422B1D08-480B-5257-ABBB-4EB3968B562C}.Debug|x86.Build.0 = Debug|Any CPU
		{422B1D08-480B-5257-ABBB-4EB3968B562C}.Release|Any CPU.ActiveCfg = Release|Any CPU
		{422B1D08-480B-5257-ABBB-4EB3968B562C}.Release|Any CPU.Build.0 = Release|Any CPU
		{422B1D08-480B-5257-ABBB-4EB3968B562C}.Release|x64.ActiveCfg = Release|Any CPU
		{422B1D08-480B-5257-ABBB-4EB3968B562C}.Release|x64.Build.0 = Release|Any CPU
		{422B1D08-480B-5257-ABBB-4EB3968B562C}.Release|x86.ActiveCfg = Release|Any CPU
		{422B1D08-480B-5257-ABBB-4EB3968B562C}.Release|x86.Build.0 = Release|Any CPU
		{F15171CC-46EC-5465-A891-407A8219E97F}.Debug|Any CPU.ActiveCfg = Debug|Any CPU
		{F15171CC-46EC-5465-A891-407A8219E97F}.Debug|Any CPU.Build.0 = Debug|Any CPU
		{F15171CC-46EC-5465-A891-407A8219E97F}.Debug|x64.ActiveCfg = Debug|Any CPU
		{F15171CC-46EC-5465-A891-407A8219E97F}.Debug|x64.Build.0 = Debug|Any CPU
		{F15171CC-46EC-5465-A891-407A8219E97F}.Debug|x86.ActiveCfg = Debug|Any CPU
		{F15171CC-46EC-5465-A891-407A8219E97F}.Debug|x86.Build.0 = Debug|Any CPU
		{F15171CC-46EC-5465-A891-407A8219E97F}.Release|Any CPU.ActiveCfg = Release|Any CPU
		{F15171CC-46EC-5465-A891-407A8219E97F}.Release|Any CPU.Build.0 = Release|Any CPU
		{F15171CC-46EC-5465-A891-407A8219E97F}.Release|x64.ActiveCfg = Release|Any CPU
		{F15171CC-46EC-5465-A891-407A8219E97F}.Release|x64.Build.0 = Release|Any CPU
		{F15171CC-46EC-5465-A891-407A8219E97F}.Release|x86.ActiveCfg = Release|Any CPU
		{F15171CC-46EC-5465-A891-407A8219E97F}.Release|x86.Build.0 = Release|Any CPU
		{15AC99B9-430C-5909-93C1-1ED323669697}.Debug|Any CPU.ActiveCfg = Debug|Any CPU
		{15AC99B9-430C-5909-93C1-1ED323669697}.Debug|Any CPU.Build.0 = Debug|Any CPU
		{15AC99B9-430C-5909-93C1-1ED323669697}.Debug|x64.ActiveCfg = Debug|Any CPU
		{15AC99B9-430C-5909-93C1-1ED323669697}.Debug|x64.Build.0 = Debug|Any CPU
		{15AC99B9-430C-5909-93C1-1ED323669697}.Debug|x86.ActiveCfg = Debug|Any CPU
		{15AC99B9-430C-5909-93C1-1ED323669697}.Debug|x86.Build.0 = Debug|Any CPU
		{15AC99B9-430C-5909-93C1-1ED323669697}.Release|Any CPU.ActiveCfg = Release|Any CPU
		{15AC99B9-430C-5909-93C1-1ED323669697}.Release|Any CPU.Build.0 = Release|Any CPU
		{15AC99B9-430C-5909-93C1-1ED323669697}.Release|x64.ActiveCfg = Release|Any CPU
		{15AC99B9-430C-5909-93C1-1ED323669697}.Release|x64.Build.0 = Release|Any CPU
		{15AC99B9-430C-5909-93C1-1ED323669697}.Release|x86.ActiveCfg = Release|Any CPU
		{15AC99B9-430C-5909-93C1-1ED323669697}.Release|x86.Build.0 = Release|Any CPU
		{53295C10-B24E-55DA-B844-CA14D2FEE289}.Debug|Any CPU.ActiveCfg = Debug|Any CPU
		{53295C10-B24E-55DA-B844-CA14D2FEE289}.Debug|Any CPU.Build.0 = Debug|Any CPU
		{53295C10-B24E-55DA-B844-CA14D2FEE289}.Debug|x64.ActiveCfg = Debug|Any CPU
		{53295C10-B24E-55DA-B844-CA14D2FEE289}.Debug|x64.Build.0 = Debug|Any CPU
		{53295C10-B24E-55DA-B844-CA14D2FEE289}.Debug|x86.ActiveCfg = Debug|Any CPU
		{53295C10-B24E-55DA-B844-CA14D2FEE289}.Debug|x86.Build.0 = Debug|Any CPU
		{53295C10-B24E-55DA-B844-CA14D2FEE289}.Release|Any CPU.ActiveCfg = Release|Any CPU
		{53295C10-B24E-55DA-B844-CA14D2FEE289}.Release|Any CPU.Build.0 = Release|Any CPU
		{53295C10-B24E-55DA-B844-CA14D2FEE289}.Release|x64.ActiveCfg = Release|Any CPU
		{53295C10-B24E-55DA-B844-CA14D2FEE289}.Release|x64.Build.0 = Release|Any CPU
		{53295C10-B24E-55DA-B844-CA14D2FEE289}.Release|x86.ActiveCfg = Release|Any CPU
		{53295C10-B24E-55DA-B844-CA14D2FEE289}.Release|x86.Build.0 = Release|Any CPU
		{DF14DB41-1A64-5269-8E3F-8A866DAF3493}.Debug|Any CPU.ActiveCfg = Debug|Any CPU
		{DF14DB41-1A64-5269-8E3F-8A866DAF3493}.Debug|Any CPU.Build.0 = Debug|Any CPU
		{DF14DB41-1A64-5269-8E3F-8A866DAF3493}.Debug|x64.ActiveCfg = Debug|Any CPU
		{DF14DB41-1A64-5269-8E3F-8A866DAF3493}.Debug|x64.Build.0 = Debug|Any CPU
		{DF14DB41-1A64-5269-8E3F-8A866DAF3493}.Debug|x86.ActiveCfg = Debug|Any CPU
		{DF14DB41-1A64-5269-8E3F-8A866DAF3493}.Debug|x86.Build.0 = Debug|Any CPU
		{DF14DB41-1A64-5269-8E3F-8A866DAF3493}.Release|Any CPU.ActiveCfg = Release|Any CPU
		{DF14DB41-1A64-5269-8E3F-8A866DAF3493}.Release|Any CPU.Build.0 = Release|Any CPU
		{DF14DB41-1A64-5269-8E3F-8A866DAF3493}.Release|x64.ActiveCfg = Release|Any CPU
		{DF14DB41-1A64-5269-8E3F-8A866DAF3493}.Release|x64.Build.0 = Release|Any CPU
		{DF14DB41-1A64-5269-8E3F-8A866DAF3493}.Release|x86.ActiveCfg = Release|Any CPU
		{DF14DB41-1A64-5269-8E3F-8A866DAF3493}.Release|x86.Build.0 = Release|Any CPU
		{4E26A80B-A32E-5631-8B47-4496B82FC3D4}.Debug|Any CPU.ActiveCfg = Debug|Any CPU
		{4E26A80B-A32E-5631-8B47-4496B82FC3D4}.Debug|Any CPU.Build.0 = Debug|Any CPU
		{4E26A80B-A32E-5631-8B47-4496B82FC3D4}.Debug|x64.ActiveCfg = Debug|Any CPU
		{4E26A80B-A32E-5631-8B47-4496B82FC3D4}.Debug|x64.Build.0 = Debug|Any CPU
		{4E26A80B-A32E-5631-8B47-4496B82FC3D4}.Debug|x86.ActiveCfg = Debug|Any CPU
		{4E26A80B-A32E-5631-8B47-4496B82FC3D4}.Debug|x86.Build.0 = Debug|Any CPU
		{4E26A80B-A32E-5631-8B47-4496B82FC3D4}.Release|Any CPU.ActiveCfg = Release|Any CPU
		{4E26A80B-A32E-5631-8B47-4496B82FC3D4}.Release|Any CPU.Build.0 = Release|Any CPU
		{4E26A80B-A32E-5631-8B47-4496B82FC3D4}.Release|x64.ActiveCfg = Release|Any CPU
		{4E26A80B-A32E-5631-8B47-4496B82FC3D4}.Release|x64.Build.0 = Release|Any CPU
		{4E26A80B-A32E-5631-8B47-4496B82FC3D4}.Release|x86.ActiveCfg = Release|Any CPU
		{4E26A80B-A32E-5631-8B47-4496B82FC3D4}.Release|x86.Build.0 = Release|Any CPU
		{F3CF834B-59C6-5DAD-A486-366C7EF48286}.Debug|Any CPU.ActiveCfg = Debug|Any CPU
		{F3CF834B-59C6-5DAD-A486-366C7EF48286}.Debug|Any CPU.Build.0 = Debug|Any CPU
		{F3CF834B-59C6-5DAD-A486-366C7EF48286}.Debug|x64.ActiveCfg = Debug|Any CPU
		{F3CF834B-59C6-5DAD-A486-366C7EF48286}.Debug|x64.Build.0 = Debug|Any CPU
		{F3CF834B-59C6-5DAD-A486-366C7EF48286}.Debug|x86.ActiveCfg = Debug|Any CPU
		{F3CF834B-59C6-5DAD-A486-366C7EF48286}.Debug|x86.Build.0 = Debug|Any CPU
		{F3CF834B-59C6-5DAD-A486-366C7EF48286}.Release|Any CPU.ActiveCfg = Release|Any CPU
		{F3CF834B-59C6-5DAD-A486-366C7EF48286}.Release|Any CPU.Build.0 = Release|Any CPU
		{F3CF834B-59C6-5DAD-A486-366C7EF48286}.Release|x64.ActiveCfg = Release|Any CPU
		{F3CF834B-59C6-5DAD-A486-366C7EF48286}.Release|x64.Build.0 = Release|Any CPU
		{F3CF834B-59C6-5DAD-A486-366C7EF48286}.Release|x86.ActiveCfg = Release|Any CPU
		{F3CF834B-59C6-5DAD-A486-366C7EF48286}.Release|x86.Build.0 = Release|Any CPU
		{99D35212-1236-52AC-BBF7-5C13FE1F32D3}.Debug|Any CPU.ActiveCfg = Debug|Any CPU
		{99D35212-1236-52AC-BBF7-5C13FE1F32D3}.Debug|Any CPU.Build.0 = Debug|Any CPU
		{99D35212-1236-52AC-BBF7-5C13FE1F32D3}.Debug|x64.ActiveCfg = Debug|Any CPU
		{99D35212-1236-52AC-BBF7-5C13FE1F32D3}.Debug|x64.Build.0 = Debug|Any CPU
		{99D35212-1236-52AC-BBF7-5C13FE1F32D3}.Debug|x86.ActiveCfg = Debug|Any CPU
		{99D35212-1236-52AC-BBF7-5C13FE1F32D3}.Debug|x86.Build.0 = Debug|Any CPU
		{99D35212-1236-52AC-BBF7-5C13FE1F32D3}.Release|Any CPU.ActiveCfg = Release|Any CPU
		{99D35212-1236-52AC-BBF7-5C13FE1F32D3}.Release|Any CPU.Build.0 = Release|Any CPU
		{99D35212-1236-52AC-BBF7-5C13FE1F32D3}.Release|x64.ActiveCfg = Release|Any CPU
		{99D35212-1236-52AC-BBF7-5C13FE1F32D3}.Release|x64.Build.0 = Release|Any CPU
		{99D35212-1236-52AC-BBF7-5C13FE1F32D3}.Release|x86.ActiveCfg = Release|Any CPU
		{99D35212-1236-52AC-BBF7-5C13FE1F32D3}.Release|x86.Build.0 = Release|Any CPU
		{39073056-B00D-5BCB-9CA8-6510E07BEDF6}.Debug|Any CPU.ActiveCfg = Debug|Any CPU
		{39073056-B00D-5BCB-9CA8-6510E07BEDF6}.Debug|Any CPU.Build.0 = Debug|Any CPU
		{39073056-B00D-5BCB-9CA8-6510E07BEDF6}.Debug|x64.ActiveCfg = Debug|Any CPU
		{39073056-B00D-5BCB-9CA8-6510E07BEDF6}.Debug|x64.Build.0 = Debug|Any CPU
		{39073056-B00D-5BCB-9CA8-6510E07BEDF6}.Debug|x86.ActiveCfg = Debug|Any CPU
		{39073056-B00D-5BCB-9CA8-6510E07BEDF6}.Debug|x86.Build.0 = Debug|Any CPU
		{39073056-B00D-5BCB-9CA8-6510E07BEDF6}.Release|Any CPU.ActiveCfg = Release|Any CPU
		{39073056-B00D-5BCB-9CA8-6510E07BEDF6}.Release|Any CPU.Build.0 = Release|Any CPU
		{39073056-B00D-5BCB-9CA8-6510E07BEDF6}.Release|x64.ActiveCfg = Release|Any CPU
		{39073056-B00D-5BCB-9CA8-6510E07BEDF6}.Release|x64.Build.0 = Release|Any CPU
		{39073056-B00D-5BCB-9CA8-6510E07BEDF6}.Release|x86.ActiveCfg = Release|Any CPU
		{39073056-B00D-5BCB-9CA8-6510E07BEDF6}.Release|x86.Build.0 = Release|Any CPU
	EndGlobalSection
	GlobalSection(SolutionProperties) = preSolution
		HideSolutionNode = FALSE
	EndGlobalSection
	GlobalSection(NestedProjects) = preSolution
		{167E58C9-A835-580A-81F1-664E5B4D51BC} = {F72D1A8B-7551-5381-A64B-A23F1F9FF7FD}
		{123B97B8-E31A-57A4-B3A9-7E4D997B4C6F} = {A917E066-CB1C-5B2A-87DD-27EF9DA5EC4A}
		{FB8882D4-8289-57F2-BC09-3BE7B3C6B2A6} = {A917E066-CB1C-5B2A-87DD-27EF9DA5EC4A}
		{5F8FF3D9-2AB3-5B23-B3EB-8EEB68EF5BEF} = {A917E066-CB1C-5B2A-87DD-27EF9DA5EC4A}
		{B6844C90-4A2A-5946-B18B-15C227DA0CA1} = {A917E066-CB1C-5B2A-87DD-27EF9DA5EC4A}
		{DE5EC303-2FD8-5657-A442-9E6DB1524950} = {A917E066-CB1C-5B2A-87DD-27EF9DA5EC4A}
		{E8666503-81B3-5036-9ADC-0EC3F72442D9} = {A917E066-CB1C-5B2A-87DD-27EF9DA5EC4A}
		{44D3515C-9F8F-58A9-891B-DAAE7CA51EE6} = {04C4E68C-BCDE-5AA0-884C-43249362497E}
		{422B1D08-480B-5257-ABBB-4EB3968B562C} = {0B5BBEA4-9637-5954-93B7-E40FBD8845C9}
		{F15171CC-46EC-5465-A891-407A8219E97F} = {0B5BBEA4-9637-5954-93B7-E40FBD8845C9}
		{15AC99B9-430C-5909-93C1-1ED323669697} = {0B5BBEA4-9637-5954-93B7-E40FBD8845C9}
		{53295C10-B24E-55DA-B844-CA14D2FEE289} = {0B5BBEA4-9637-5954-93B7-E40FBD8845C9}
		{DF14DB41-1A64-5269-8E3F-8A866DAF3493} = {0B5BBEA4-9637-5954-93B7-E40FBD8845C9}
		{4E26A80B-A32E-5631-8B47-4496B82FC3D4} = {0B5BBEA4-9637-5954-93B7-E40FBD8845C9}
		{F3CF834B-59C6-5DAD-A486-366C7EF48286} = {0B5BBEA4-9637-5954-93B7-E40FBD8845C9}
		{99D35212-1236-52AC-BBF7-5C13FE1F32D3} = {0B5BBEA4-9637-5954-93B7-E40FBD8845C9}
		{39073056-B00D-5BCB-9CA8-6510E07BEDF6} = {0B5BBEA4-9637-5954-93B7-E40FBD8845C9}
	EndGlobalSection
	GlobalSection(ExtensibilityGlobals) = postSolution
		SolutionGuid = {7554126B-4E1B-4A14-B172-31A4B7A0FA43}
	EndGlobalSection
EndGlobal
